
Microsoft Visual Studio Solution File, Format Version 12.00
# Visual Studio Version 17
VisualStudioVersion = 17.10.35013.160
MinimumVisualStudioVersion = 10.0.40219.1
Project("{2150E333-8FDC-42A3-9474-1A3956D46DE8}") = "Solution Items", "Solution Items", "{088CD739-FA61-49E8-A77C-C9266000B06D}"
	ProjectSection(SolutionItems) = preProject
		image_ws.svg = image_ws.svg
		page.html = page.html
		style.css = style.css
	EndProjectSection
EndProject
Global
	GlobalSection(SolutionProperties) = preSolution
		HideSolutionNode = FALSE
	EndGlobalSection
	GlobalSection(ExtensibilityGlobals) = postSolution
		SolutionGuid = {D7AF230A-A709-4611-8A48-9EA5E5D9396F}
	EndGlobalSection
EndGlobal
